PODS:
  - Flutter (1.0.0)
  - SwiftProtobuf (1.18.0)
  - trustdart (0.0.1):
    - Flutter
    - TrustWalletCore
  - TrustWalletCore (2.7.0):
    - TrustWalletCore/Core (= 2.7.0)
  - TrustWalletCore/Core (2.7.0):
    - TrustWalletCore/Types
  - TrustWalletCore/Types (2.7.0):
    - SwiftProtobuf

DEPENDENCIES:
  - Flutter (from `Flutter`)
  - trustdart (from `.symlinks/plugins/trustdart/ios`)

SPEC REPOS:
  trunk:
    - SwiftProtobuf
    - TrustWalletCore

EXTERNAL SOURCES:
  Flutter:
    :path: Flutter
  trustdart:
    :path: ".symlinks/plugins/trustdart/ios"

SPEC CHECKSUMS:
  Flutter: f04841e97a9d0b0a8025694d0796dd46242b2854
  SwiftProtobuf: c3c12645230d9b09c72267e0de89468c5543bd86
  trustdart: 6fdf048c1837d89806c55912845af3987fd8defe
  TrustWalletCore: 3cdba7852f4ac8458961cc227e21abecfff8d241

PODFILE CHECKSUM: 4e8f8b2be68aeea4c0d5beb6ff1e79fface1d048

COCOAPODS: 1.11.3
