{
  "pins" : [
    {
      "identity" : "wallet-core",
      "kind" : "remoteSourceControl",
      "location" : "https://github.com/trustwallet/wallet-core",
      "state" : {
        "revision" : "7e848e081d07f7b495d3cc53c41a09cc717a8eb9",
        "version" : "4.4.3"
      }
    }
  ],
  "version" : 2
}
