{
  "pins" : [
    {
      "identity" : "wallet-core",
      "kind" : "remoteSourceControl",
      "location" : "https://github.com/trustwallet/wallet-core",
      "state" : {
        "revision" : "99771910b79dbbc861e7ea05dc0bdabea42b01c7",
        "version" : "4.4.4"
      }
    }
  ],
  "version" : 2
}
